
Microsoft Visual Studio Solution File, Format Version 12.00
# Visual Studio 2013
VisualStudioVersion = 12.0.31101.0
MinimumVisualStudioVersion = 10.0.40219.1
Project("{FAE04EC0-301F-11D3-BF4B-00C04F79EFBC}") = "NumericSequenceCalculator", "NumericSequenceCalculator\NumericSequenceCalculator.csproj", "{C121523F-0993-41D6-B676-AB80DF8D303F}"
EndProject
Project("{FAE04EC0-301F-11D3-BF4B-00C04F79EFBC}") = "NumericSequenceCalculator.UI.Tests", "NumericSequenceCalculator.Tests\NumericSequenceCalculator.UI.Tests.csproj", "{D2E9F324-7BBC-407D-8B39-547793D19764}"
EndProject
Project("{FAE04EC0-301F-11D3-BF4B-00C04F79EFBC}") = "NumericSequenceCalculator.UnitTests", "NumericSequenceCalculator.UnitTests\NumericSequenceCalculator.UnitTests.csproj", "{78355F7A-EBC9-4A2C-A1F3-60788B42942A}"
EndProject
Global
	GlobalSection(SolutionConfigurationPlatforms) = preSolution
		Debug|Any CPU = Debug|Any CPU
		Release|Any CPU = Release|Any CPU
	EndGlobalSection
	GlobalSection(ProjectConfigurationPlatforms) = postSolution
		{C121523F-0993-41D6-B676-AB80DF8D303F}.Debug|Any CPU.ActiveCfg = Debug|Any CPU
		{C121523F-0993-41D6-B676-AB80DF8D303F}.Debug|Any CPU.Build.0 = Debug|Any CPU
		{C121523F-0993-41D6-B676-AB80DF8D303F}.Release|Any CPU.ActiveCfg = Release|Any CPU
		{C121523F-0993-41D6-B676-AB80DF8D303F}.Release|Any CPU.Build.0 = Release|Any CPU
		{D2E9F324-7BBC-407D-8B39-547793D19764}.Debug|Any CPU.ActiveCfg = Debug|Any CPU
		{D2E9F324-7BBC-407D-8B39-547793D19764}.Debug|Any CPU.Build.0 = Debug|Any CPU
		{D2E9F324-7BBC-407D-8B39-547793D19764}.Release|Any CPU.ActiveCfg = Release|Any CPU
		{D2E9F324-7BBC-407D-8B39-547793D19764}.Release|Any CPU.Build.0 = Release|Any CPU
		{78355F7A-EBC9-4A2C-A1F3-60788B42942A}.Debug|Any CPU.ActiveCfg = Debug|Any CPU
		{78355F7A-EBC9-4A2C-A1F3-60788B42942A}.Debug|Any CPU.Build.0 = Debug|Any CPU
		{78355F7A-EBC9-4A2C-A1F3-60788B42942A}.Release|Any CPU.ActiveCfg = Release|Any CPU
		{78355F7A-EBC9-4A2C-A1F3-60788B42942A}.Release|Any CPU.Build.0 = Release|Any CPU
	EndGlobalSection
	GlobalSection(SolutionProperties) = preSolution
		HideSolutionNode = FALSE
	EndGlobalSection
EndGlobal
